
Microsoft Visual Studio Solution File, Format Version 12.00
# Visual Studio 14
VisualStudioVersion = 14.0.23107.0
MinimumVisualStudioVersion = 10.0.40219.1
Project("{FAE04EC0-301F-11D3-BF4B-00C04F79EFBC}") = "HelloCatel", "HelloCatel\HelloCatel.csproj", "{617CED78-0EF3-4ACA-815E-003DBFF913A3}"
EndProject
Project("{FAE04EC0-301F-11D3-BF4B-00C04F79EFBC}") = "HelloOrchestraFluentRibbon", "HelloOrchestraFluentRibbon\HelloOrchestraFluentRibbon.csproj", "{3F452187-87A2-4D2A-BA6A-8C8A883B1E47}"
EndProject
Project("{2150E333-8FDC-42A3-9474-1A3956D46DE8}") = "Catel", "Catel", "{0E0B25DD-E8FA-4EF6-A545-45EDF1BEDF94}"
EndProject
Project("{2150E333-8FDC-42A3-9474-1A3956D46DE8}") = "Orchestra", "Orchestra", "{CEE26F6F-0860-410A-8249-FDA58DDCB150}"
EndProject
Project("{2150E333-8FDC-42A3-9474-1A3956D46DE8}") = "UWP", "UWP", "{1EEEB938-B4F4-42B0-AFA4-432B87451ECE}"
EndProject
Project("{2150E333-8FDC-42A3-9474-1A3956D46DE8}") = "WPF", "WPF", "{F5DC6B65-E78E-49F6-B4FC-7E7992E3F8B5}"
EndProject
Project("{2150E333-8FDC-42A3-9474-1A3956D46DE8}") = "Mixed", "Mixed", "{E7055CD4-AC48-4054-92FE-7B7BF4D170A4}"
EndProject
Project("{FAE04EC0-301F-11D3-BF4B-00C04F79EFBC}") = "Hello.UWP", "Hello.UWP\Hello.UWP.csproj", "{3234CCF9-B31E-414A-965C-643AA1416EC2}"
EndProject
Global
	GlobalSection(SolutionConfigurationPlatforms) = preSolution
		Debug|Any CPU = Debug|Any CPU
		Debug|ARM = Debug|ARM
		Debug|x64 = Debug|x64
		Debug|x86 = Debug|x86
		Release|Any CPU = Release|Any CPU
		Release|ARM = Release|ARM
		Release|x64 = Release|x64
		Release|x86 = Release|x86
	EndGlobalSection
	GlobalSection(ProjectConfigurationPlatforms) = postSolution
		{617CED78-0EF3-4ACA-815E-003DBFF913A3}.Debug|Any CPU.ActiveCfg = Debug|Any CPU
		{617CED78-0EF3-4ACA-815E-003DBFF913A3}.Debug|Any CPU.Build.0 = Debug|Any CPU
		{617CED78-0EF3-4ACA-815E-003DBFF913A3}.Debug|ARM.ActiveCfg = Debug|Any CPU
		{617CED78-0EF3-4ACA-815E-003DBFF913A3}.Debug|ARM.Build.0 = Debug|Any CPU
		{617CED78-0EF3-4ACA-815E-003DBFF913A3}.Debug|x64.ActiveCfg = Debug|Any CPU
		{617CED78-0EF3-4ACA-815E-003DBFF913A3}.Debug|x64.Build.0 = Debug|Any CPU
		{617CED78-0EF3-4ACA-815E-003DBFF913A3}.Debug|x86.ActiveCfg = Debug|Any CPU
		{617CED78-0EF3-4ACA-815E-003DBFF913A3}.Debug|x86.Build.0 = Debug|Any CPU
		{617CED78-0EF3-4ACA-815E-003DBFF913A3}.Release|Any CPU.ActiveCfg = Release|Any CPU
		{617CED78-0EF3-4ACA-815E-003DBFF913A3}.Release|Any CPU.Build.0 = Release|Any CPU
		{617CED78-0EF3-4ACA-815E-003DBFF913A3}.Release|ARM.ActiveCfg = Release|Any CPU
		{617CED78-0EF3-4ACA-815E-003DBFF913A3}.Release|ARM.Build.0 = Release|Any CPU
		{617CED78-0EF3-4ACA-815E-003DBFF913A3}.Release|x64.ActiveCfg = Release|Any CPU
		{617CED78-0EF3-4ACA-815E-003DBFF913A3}.Release|x64.Build.0 = Release|Any CPU
		{617CED78-0EF3-4ACA-815E-003DBFF913A3}.Release|x86.ActiveCfg = Release|Any CPU
		{617CED78-0EF3-4ACA-815E-003DBFF913A3}.Release|x86.Build.0 = Release|Any CPU
		{3F452187-87A2-4D2A-BA6A-8C8A883B1E47}.Debug|Any CPU.ActiveCfg = Debug|Any CPU
		{3F452187-87A2-4D2A-BA6A-8C8A883B1E47}.Debug|Any CPU.Build.0 = Debug|Any CPU
		{3F452187-87A2-4D2A-BA6A-8C8A883B1E47}.Debug|ARM.ActiveCfg = Debug|Any CPU
		{3F452187-87A2-4D2A-BA6A-8C8A883B1E47}.Debug|ARM.Build.0 = Debug|Any CPU
		{3F452187-87A2-4D2A-BA6A-8C8A883B1E47}.Debug|x64.ActiveCfg = Debug|Any CPU
		{3F452187-87A2-4D2A-BA6A-8C8A883B1E47}.Debug|x64.Build.0 = Debug|Any CPU
		{3F452187-87A2-4D2A-BA6A-8C8A883B1E47}.Debug|x86.ActiveCfg = Debug|Any CPU
		{3F452187-87A2-4D2A-BA6A-8C8A883B1E47}.Debug|x86.Build.0 = Debug|Any CPU
		{3F452187-87A2-4D2A-BA6A-8C8A883B1E47}.Release|Any CPU.ActiveCfg = Release|Any CPU
		{3F452187-87A2-4D2A-BA6A-8C8A883B1E47}.Release|Any CPU.Build.0 = Release|Any CPU
		{3F452187-87A2-4D2A-BA6A-8C8A883B1E47}.Release|ARM.ActiveCfg = Release|Any CPU
		{3F452187-87A2-4D2A-BA6A-8C8A883B1E47}.Release|ARM.Build.0 = Release|Any CPU
		{3F452187-87A2-4D2A-BA6A-8C8A883B1E47}.Release|x64.ActiveCfg = Release|Any CPU
		{3F452187-87A2-4D2A-BA6A-8C8A883B1E47}.Release|x64.Build.0 = Release|Any CPU
		{3F452187-87A2-4D2A-BA6A-8C8A883B1E47}.Release|x86.ActiveCfg = Release|Any CPU
		{3F452187-87A2-4D2A-BA6A-8C8A883B1E47}.Release|x86.Build.0 = Release|Any CPU
		{3234CCF9-B31E-414A-965C-643AA1416EC2}.Debug|Any CPU.ActiveCfg = Debug|x86
		{3234CCF9-B31E-414A-965C-643AA1416EC2}.Debug|ARM.ActiveCfg = Debug|ARM
		{3234CCF9-B31E-414A-965C-643AA1416EC2}.Debug|ARM.Build.0 = Debug|ARM
		{3234CCF9-B31E-414A-965C-643AA1416EC2}.Debug|ARM.Deploy.0 = Debug|ARM
		{3234CCF9-B31E-414A-965C-643AA1416EC2}.Debug|x64.ActiveCfg = Debug|x64
		{3234CCF9-B31E-414A-965C-643AA1416EC2}.Debug|x64.Build.0 = Debug|x64
		{3234CCF9-B31E-414A-965C-643AA1416EC2}.Debug|x64.Deploy.0 = Debug|x64
		{3234CCF9-B31E-414A-965C-643AA1416EC2}.Debug|x86.ActiveCfg = Debug|x86
		{3234CCF9-B31E-414A-965C-643AA1416EC2}.Debug|x86.Build.0 = Debug|x86
		{3234CCF9-B31E-414A-965C-643AA1416EC2}.Debug|x86.Deploy.0 = Debug|x86
		{3234CCF9-B31E-414A-965C-643AA1416EC2}.Release|Any CPU.ActiveCfg = Release|x86
		{3234CCF9-B31E-414A-965C-643AA1416EC2}.Release|ARM.ActiveCfg = Release|ARM
		{3234CCF9-B31E-414A-965C-643AA1416EC2}.Release|ARM.Build.0 = Release|ARM
		{3234CCF9-B31E-414A-965C-643AA1416EC2}.Release|ARM.Deploy.0 = Release|ARM
		{3234CCF9-B31E-414A-965C-643AA1416EC2}.Release|x64.ActiveCfg = Release|x64
		{3234CCF9-B31E-414A-965C-643AA1416EC2}.Release|x64.Build.0 = Release|x64
		{3234CCF9-B31E-414A-965C-643AA1416EC2}.Release|x64.Deploy.0 = Release|x64
		{3234CCF9-B31E-414A-965C-643AA1416EC2}.Release|x86.ActiveCfg = Release|x86
		{3234CCF9-B31E-414A-965C-643AA1416EC2}.Release|x86.Build.0 = Release|x86
		{3234CCF9-B31E-414A-965C-643AA1416EC2}.Release|x86.Deploy.0 = Release|x86
	EndGlobalSection
	GlobalSection(SolutionProperties) = preSolution
		HideSolutionNode = FALSE
	EndGlobalSection
	GlobalSection(NestedProjects) = preSolution
		{617CED78-0EF3-4ACA-815E-003DBFF913A3} = {0E0B25DD-E8FA-4EF6-A545-45EDF1BEDF94}
		{3F452187-87A2-4D2A-BA6A-8C8A883B1E47} = {CEE26F6F-0860-410A-8249-FDA58DDCB150}
		{3234CCF9-B31E-414A-965C-643AA1416EC2} = {E7055CD4-AC48-4054-92FE-7B7BF4D170A4}
	EndGlobalSection
EndGlobal
