
Microsoft Visual Studio Solution File, Format Version 12.00
# Visual Studio 14
VisualStudioVersion = 14.0.23107.0
MinimumVisualStudioVersion = 10.0.40219.1
Project("{FAE04EC0-301F-11D3-BF4B-00C04F79EFBC}") = "HelloWebServices", "HelloWebServices\HelloWebServices.csproj", "{A3EA93BE-41AF-400B-85BA-382E91F99A05}"
EndProject
Project("{FAE04EC0-301F-11D3-BF4B-00C04F79EFBC}") = "HelloRestServices", "HelloRestServices\HelloRestServices.csproj", "{AFA7D381-960F-4A7D-8C38-B48EE284CCB9}"
EndProject
Global
	GlobalSection(SolutionConfigurationPlatforms) = preSolution
		Debug|Any CPU = Debug|Any CPU
		Release|Any CPU = Release|Any CPU
	EndGlobalSection
	GlobalSection(ProjectConfigurationPlatforms) = postSolution
		{A3EA93BE-41AF-400B-85BA-382E91F99A05}.Debug|Any CPU.ActiveCfg = Debug|Any CPU
		{A3EA93BE-41AF-400B-85BA-382E91F99A05}.Debug|Any CPU.Build.0 = Debug|Any CPU
		{A3EA93BE-41AF-400B-85BA-382E91F99A05}.Release|Any CPU.ActiveCfg = Release|Any CPU
		{A3EA93BE-41AF-400B-85BA-382E91F99A05}.Release|Any CPU.Build.0 = Release|Any CPU
		{AFA7D381-960F-4A7D-8C38-B48EE284CCB9}.Debug|Any CPU.ActiveCfg = Debug|Any CPU
		{AFA7D381-960F-4A7D-8C38-B48EE284CCB9}.Debug|Any CPU.Build.0 = Debug|Any CPU
		{AFA7D381-960F-4A7D-8C38-B48EE284CCB9}.Release|Any CPU.ActiveCfg = Release|Any CPU
		{AFA7D381-960F-4A7D-8C38-B48EE284CCB9}.Release|Any CPU.Build.0 = Release|Any CPU
	EndGlobalSection
	GlobalSection(SolutionProperties) = preSolution
		HideSolutionNode = FALSE
	EndGlobalSection
EndGlobal
